
Microsoft Visual Studio Solution File, Format Version 12.00
# Visual Studio Version 17
VisualStudioVersion = 17.0.31903.59
MinimumVisualStudioVersion = 10.0.40219.1
Project("{2150E333-8FDC-42A3-9474-1A3956D46DE8}") = "src", "src", "{827E0CD3-B72D-47B6-A68D-7590B98EB39B}"
EndProject
Project("{FAE04EC0-301F-11D3-BF4B-00C04F79EFBC}") = "AIReviewBuilder.Domain", "src\AIReviewBuilder.Domain\AIReviewBuilder.Domain.csproj", "{E727143D-3508-4D9F-8935-CEAD73A511E3}"
EndProject
Project("{FAE04EC0-301F-11D3-BF4B-00C04F79EFBC}") = "AIReviewBuilder.Application", "src\AIReviewBuilder.Application\AIReviewBuilder.Application.csproj", "{7C9B06F9-B888-4299-B0CE-EA7B87B2AC55}"
EndProject
Project("{FAE04EC0-301F-11D3-BF4B-00C04F79EFBC}") = "AIReviewBuilder.Infrastructure", "src\AIReviewBuilder.Infrastructure\AIReviewBuilder.Infrastructure.csproj", "{59DF015B-FA4F-4D2E-BB57-9AE912023C3A}"
EndProject
Project("{FAE04EC0-301F-11D3-BF4B-00C04F79EFBC}") = "AIReviewBuilder.UI", "src\AIReviewBuilder.UI\AIReviewBuilder.UI.csproj", "{3E5F226B-CEE7-4FD2-B2E9-7C4BD7C051D2}"
EndProject
Project("{FAE04EC0-301F-11D3-BF4B-00C04F79EFBC}") = "AIReviewBuilder.Tests", "tests\AIReviewBuilder.Tests\AIReviewBuilder.Tests.csproj", "{2A1D476F-1C35-48B3-B772-80A3C722DE65}"
EndProject
Global
	GlobalSection(SolutionConfigurationPlatforms) = preSolution
		Debug|Any CPU = Debug|Any CPU
		Debug|x64 = Debug|x64
		Debug|x86 = Debug|x86
		Release|Any CPU = Release|Any CPU
		Release|x64 = Release|x64
		Release|x86 = Release|x86
	EndGlobalSection
	GlobalSection(ProjectConfigurationPlatforms) = postSolution
		{E727143D-3508-4D9F-8935-CEAD73A511E3}.Debug|Any CPU.ActiveCfg = Debug|Any CPU
		{E727143D-3508-4D9F-8935-CEAD73A511E3}.Debug|Any CPU.Build.0 = Debug|Any CPU
		{E727143D-3508-4D9F-8935-CEAD73A511E3}.Debug|x64.ActiveCfg = Debug|Any CPU
		{E727143D-3508-4D9F-8935-CEAD73A511E3}.Debug|x64.Build.0 = Debug|Any CPU
		{E727143D-3508-4D9F-8935-CEAD73A511E3}.Debug|x86.ActiveCfg = Debug|Any CPU
		{E727143D-3508-4D9F-8935-CEAD73A511E3}.Debug|x86.Build.0 = Debug|Any CPU
		{E727143D-3508-4D9F-8935-CEAD73A511E3}.Release|Any CPU.ActiveCfg = Release|Any CPU
		{E727143D-3508-4D9F-8935-CEAD73A511E3}.Release|Any CPU.Build.0 = Release|Any CPU
		{E727143D-3508-4D9F-8935-CEAD73A511E3}.Release|x64.ActiveCfg = Release|Any CPU
		{E727143D-3508-4D9F-8935-CEAD73A511E3}.Release|x64.Build.0 = Release|Any CPU
		{E727143D-3508-4D9F-8935-CEAD73A511E3}.Release|x86.ActiveCfg = Release|Any CPU
		{E727143D-3508-4D9F-8935-CEAD73A511E3}.Release|x86.Build.0 = Release|Any CPU
		{7C9B06F9-B888-4299-B0CE-EA7B87B2AC55}.Debug|Any CPU.ActiveCfg = Debug|Any CPU
		{7C9B06F9-B888-4299-B0CE-EA7B87B2AC55}.Debug|Any CPU.Build.0 = Debug|Any CPU
		{7C9B06F9-B888-4299-B0CE-EA7B87B2AC55}.Debug|x64.ActiveCfg = Debug|Any CPU
		{7C9B06F9-B888-4299-B0CE-EA7B87B2AC55}.Debug|x64.Build.0 = Debug|Any CPU
		{7C9B06F9-B888-4299-B0CE-EA7B87B2AC55}.Debug|x86.ActiveCfg = Debug|Any CPU
		{7C9B06F9-B888-4299-B0CE-EA7B87B2AC55}.Debug|x86.Build.0 = Debug|Any CPU
		{7C9B06F9-B888-4299-B0CE-EA7B87B2AC55}.Release|Any CPU.ActiveCfg = Release|Any CPU
		{7C9B06F9-B888-4299-B0CE-EA7B87B2AC55}.Release|Any CPU.Build.0 = Release|Any CPU
		{7C9B06F9-B888-4299-B0CE-EA7B87B2AC55}.Release|x64.ActiveCfg = Release|Any CPU
		{7C9B06F9-B888-4299-B0CE-EA7B87B2AC55}.Release|x64.Build.0 = Release|Any CPU
		{7C9B06F9-B888-4299-B0CE-EA7B87B2AC55}.Release|x86.ActiveCfg = Release|Any CPU
		{7C9B06F9-B888-4299-B0CE-EA7B87B2AC55}.Release|x86.Build.0 = Release|Any CPU
		{59DF015B-FA4F-4D2E-BB57-9AE912023C3A}.Debug|Any CPU.ActiveCfg = Debug|Any CPU
		{59DF015B-FA4F-4D2E-BB57-9AE912023C3A}.Debug|Any CPU.Build.0 = Debug|Any CPU
		{59DF015B-FA4F-4D2E-BB57-9AE912023C3A}.Debug|x64.ActiveCfg = Debug|Any CPU
		{59DF015B-FA4F-4D2E-BB57-9AE912023C3A}.Debug|x64.Build.0 = Debug|Any CPU
		{59DF015B-FA4F-4D2E-BB57-9AE912023C3A}.Debug|x86.ActiveCfg = Debug|Any CPU
		{59DF015B-FA4F-4D2E-BB57-9AE912023C3A}.Debug|x86.Build.0 = Debug|Any CPU
		{59DF015B-FA4F-4D2E-BB57-9AE912023C3A}.Release|Any CPU.ActiveCfg = Release|Any CPU
		{59DF015B-FA4F-4D2E-BB57-9AE912023C3A}.Release|Any CPU.Build.0 = Release|Any CPU
		{59DF015B-FA4F-4D2E-BB57-9AE912023C3A}.Release|x64.ActiveCfg = Release|Any CPU
		{59DF015B-FA4F-4D2E-BB57-9AE912023C3A}.Release|x64.Build.0 = Release|Any CPU
		{59DF015B-FA4F-4D2E-BB57-9AE912023C3A}.Release|x86.ActiveCfg = Release|Any CPU
		{59DF015B-FA4F-4D2E-BB57-9AE912023C3A}.Release|x86.Build.0 = Release|Any CPU
		{3E5F226B-CEE7-4FD2-B2E9-7C4BD7C051D2}.Debug|Any CPU.ActiveCfg = Debug|Any CPU
		{3E5F226B-CEE7-4FD2-B2E9-7C4BD7C051D2}.Debug|Any CPU.Build.0 = Debug|Any CPU
		{3E5F226B-CEE7-4FD2-B2E9-7C4BD7C051D2}.Debug|x64.ActiveCfg = Debug|Any CPU
		{3E5F226B-CEE7-4FD2-B2E9-7C4BD7C051D2}.Debug|x64.Build.0 = Debug|Any CPU
		{3E5F226B-CEE7-4FD2-B2E9-7C4BD7C051D2}.Debug|x86.ActiveCfg = Debug|Any CPU
		{3E5F226B-CEE7-4FD2-B2E9-7C4BD7C051D2}.Debug|x86.Build.0 = Debug|Any CPU
		{3E5F226B-CEE7-4FD2-B2E9-7C4BD7C051D2}.Release|Any CPU.ActiveCfg = Release|Any CPU
		{3E5F226B-CEE7-4FD2-B2E9-7C4BD7C051D2}.Release|Any CPU.Build.0 = Release|Any CPU
		{3E5F226B-CEE7-4FD2-B2E9-7C4BD7C051D2}.Release|x64.ActiveCfg = Release|Any CPU
		{3E5F226B-CEE7-4FD2-B2E9-7C4BD7C051D2}.Release|x64.Build.0 = Release|Any CPU
		{3E5F226B-CEE7-4FD2-B2E9-7C4BD7C051D2}.Release|x86.ActiveCfg = Release|Any CPU
		{3E5F226B-CEE7-4FD2-B2E9-7C4BD7C051D2}.Release|x86.Build.0 = Release|Any CPU
		{2A1D476F-1C35-48B3-B772-80A3C722DE65}.Debug|Any CPU.ActiveCfg = Debug|Any CPU
		{2A1D476F-1C35-48B3-B772-80A3C722DE65}.Debug|Any CPU.Build.0 = Debug|Any CPU
		{2A1D476F-1C35-48B3-B772-80A3C722DE65}.Debug|x64.ActiveCfg = Debug|Any CPU
		{2A1D476F-1C35-48B3-B772-80A3C722DE65}.Debug|x64.Build.0 = Debug|Any CPU
		{2A1D476F-1C35-48B3-B772-80A3C722DE65}.Debug|x86.ActiveCfg = Debug|Any CPU
		{2A1D476F-1C35-48B3-B772-80A3C722DE65}.Debug|x86.Build.0 = Debug|Any CPU
		{2A1D476F-1C35-48B3-B772-80A3C722DE65}.Release|Any CPU.ActiveCfg = Release|Any CPU
		{2A1D476F-1C35-48B3-B772-80A3C722DE65}.Release|Any CPU.Build.0 = Release|Any CPU
		{2A1D476F-1C35-48B3-B772-80A3C722DE65}.Release|x64.ActiveCfg = Release|Any CPU
		{2A1D476F-1C35-48B3-B772-80A3C722DE65}.Release|x64.Build.0 = Release|Any CPU
		{2A1D476F-1C35-48B3-B772-80A3C722DE65}.Release|x86.ActiveCfg = Release|Any CPU
		{2A1D476F-1C35-48B3-B772-80A3C722DE65}.Release|x86.Build.0 = Release|Any CPU
	EndGlobalSection
	GlobalSection(SolutionProperties) = preSolution
		HideSolutionNode = FALSE
	EndGlobalSection
	GlobalSection(NestedProjects) = preSolution
		{E727143D-3508-4D9F-8935-CEAD73A511E3} = {827E0CD3-B72D-47B6-A68D-7590B98EB39B}
		{7C9B06F9-B888-4299-B0CE-EA7B87B2AC55} = {827E0CD3-B72D-47B6-A68D-7590B98EB39B}
		{59DF015B-FA4F-4D2E-BB57-9AE912023C3A} = {827E0CD3-B72D-47B6-A68D-7590B98EB39B}
		{3E5F226B-CEE7-4FD2-B2E9-7C4BD7C051D2} = {827E0CD3-B72D-47B6-A68D-7590B98EB39B}
		{2A1D476F-1C35-48B3-B772-80A3C722DE65} = {827E0CD3-B72D-47B6-A68D-7590B98EB39B}
	EndGlobalSection
EndGlobal
